
Microsoft Visual Studio Solution File, Format Version 12.00
# Visual Studio 14
VisualStudioVersion = 14.0.25420.1
MinimumVisualStudioVersion = 10.0.40219.1
Project("{FAE04EC0-301F-11D3-BF4B-00C04F79EFBC}") = "Felinesoft.UmbracoCodeFirst", "Felinesoft.UmbracoCodeFirst\Felinesoft.UmbracoCodeFirst.csproj", "{CD8CBBC5-9EBF-4B90-8A4E-7C8CD2789793}"
EndProject
Project("{2150E333-8FDC-42A3-9474-1A3956D46DE8}") = "DB Restore", "DB Restore", "{5F966450-5AFD-4F13-A87C-5CFDD0AF5FE9}"
	ProjectSection(SolutionItems) = preProject
		DB restore\Umbraco - uninitialised.sdf = DB restore\Umbraco - uninitialised.sdf
	EndProjectSection
EndProject
Project("{7CF6DF6D-3B04-46F8-A40B-537D21BCA0B4}") = "Felinesoft.UmbracoCodeFirst.Docs", "Felinesoft.UmbracoCodeFirst.Docs\Felinesoft.UmbracoCodeFirst.Docs.shfbproj", "{7F8FF346-A3A4-4485-9243-D0DF0C0E28A8}"
EndProject
Project("{2150E333-8FDC-42A3-9474-1A3956D46DE8}") = "Solution Items", "Solution Items", "{FE9A47BE-F8A9-4454-A14D-449C380FC27C}"
	ProjectSection(SolutionItems) = preProject
		.gitignore = .gitignore
		.tfignore = .tfignore
		Performance5.psess = Performance5.psess
	EndProjectSection
EndProject
Project("{2150E333-8FDC-42A3-9474-1A3956D46DE8}") = ".nuget", ".nuget", "{C9F85A99-CD6D-499D-B208-322BED2FD320}"
	ProjectSection(SolutionItems) = preProject
		nuget.config = nuget.config
		.nuget\NuGet.Config = .nuget\NuGet.Config
		.nuget\NuGet.exe = .nuget\NuGet.exe
		.nuget\NuGet.targets = .nuget\NuGet.targets
	EndProjectSection
EndProject
Project("{FAE04EC0-301F-11D3-BF4B-00C04F79EFBC}") = "Felinesoft.UmbracoCodeFirst.TestTarget", "Felinesoft.UmbracoCodeFirst.TestTarget\Felinesoft.UmbracoCodeFirst.TestTarget.csproj", "{685F6555-B42D-442B-8D58-D1F05C41E914}"
EndProject
Project("{FAE04EC0-301F-11D3-BF4B-00C04F79EFBC}") = "Felinesoft.UmbracoCodeFirst.QuizDemo", "Felinesoft.UmbracoCodeFirst.QuizDemo\Felinesoft.UmbracoCodeFirst.QuizDemo.csproj", "{773F48C5-7000-47FE-8B4B-D7606B09A512}"
EndProject
Global
	GlobalSection(SolutionConfigurationPlatforms) = preSolution
		Debug|Any CPU = Debug|Any CPU
		Release|Any CPU = Release|Any CPU
	EndGlobalSection
	GlobalSection(ProjectConfigurationPlatforms) = postSolution
		{CD8CBBC5-9EBF-4B90-8A4E-7C8CD2789793}.Debug|Any CPU.ActiveCfg = Debug|Any CPU
		{CD8CBBC5-9EBF-4B90-8A4E-7C8CD2789793}.Debug|Any CPU.Build.0 = Debug|Any CPU
		{CD8CBBC5-9EBF-4B90-8A4E-7C8CD2789793}.Release|Any CPU.ActiveCfg = Release|Any CPU
		{CD8CBBC5-9EBF-4B90-8A4E-7C8CD2789793}.Release|Any CPU.Build.0 = Release|Any CPU
		{7F8FF346-A3A4-4485-9243-D0DF0C0E28A8}.Debug|Any CPU.ActiveCfg = Debug|Any CPU
		{7F8FF346-A3A4-4485-9243-D0DF0C0E28A8}.Debug|Any CPU.Build.0 = Debug|Any CPU
		{7F8FF346-A3A4-4485-9243-D0DF0C0E28A8}.Release|Any CPU.ActiveCfg = Release|Any CPU
		{7F8FF346-A3A4-4485-9243-D0DF0C0E28A8}.Release|Any CPU.Build.0 = Release|Any CPU
		{685F6555-B42D-442B-8D58-D1F05C41E914}.Debug|Any CPU.ActiveCfg = Debug|Any CPU
		{685F6555-B42D-442B-8D58-D1F05C41E914}.Debug|Any CPU.Build.0 = Debug|Any CPU
		{685F6555-B42D-442B-8D58-D1F05C41E914}.Release|Any CPU.ActiveCfg = Release|Any CPU
		{685F6555-B42D-442B-8D58-D1F05C41E914}.Release|Any CPU.Build.0 = Release|Any CPU
		{773F48C5-7000-47FE-8B4B-D7606B09A512}.Debug|Any CPU.ActiveCfg = Debug|Any CPU
		{773F48C5-7000-47FE-8B4B-D7606B09A512}.Debug|Any CPU.Build.0 = Debug|Any CPU
		{773F48C5-7000-47FE-8B4B-D7606B09A512}.Release|Any CPU.ActiveCfg = Release|Any CPU
		{773F48C5-7000-47FE-8B4B-D7606B09A512}.Release|Any CPU.Build.0 = Release|Any CPU
	EndGlobalSection
	GlobalSection(SolutionProperties) = preSolution
		HideSolutionNode = FALSE
	EndGlobalSection
EndGlobal
